
Microsoft Visual Studio Solution File, Format Version 12.00
# Visual Studio Version 17
VisualStudioVersion = 17.2.32526.322
MinimumVisualStudioVersion = 10.0.40219.1
Project("{FAE04EC0-301F-11D3-BF4B-00C04F79EFBC}") = "PhysicsLib", "PhysicsLib.csproj", "{A5EFAF5A-4951-4F2F-8C15-EFCD409AC72A}"
EndProject
Project("{FAE04EC0-301F-11D3-BF4B-00C04F79EFBC}") = "ConsoleApp1", "..\ConsoleApp1\ConsoleApp1.csproj", "{BD509933-A784-4AE6-87CF-75A79C40E014}"
EndProject
Global
	GlobalSection(SolutionConfigurationPlatforms) = preSolution
		Debug|Any CPU = Debug|Any CPU
		Release|Any CPU = Release|Any CPU
	EndGlobalSection
	GlobalSection(ProjectConfigurationPlatforms) = postSolution
		{A5EFAF5A-4951-4F2F-8C15-EFCD409AC72A}.Debug|Any CPU.ActiveCfg = Debug|Any CPU
		{A5EFAF5A-4951-4F2F-8C15-EFCD409AC72A}.Debug|Any CPU.Build.0 = Debug|Any CPU
		{A5EFAF5A-4951-4F2F-8C15-EFCD409AC72A}.Release|Any CPU.ActiveCfg = Release|Any CPU
		{A5EFAF5A-4951-4F2F-8C15-EFCD409AC72A}.Release|Any CPU.Build.0 = Release|Any CPU
		{BD509933-A784-4AE6-87CF-75A79C40E014}.Debug|Any CPU.ActiveCfg = Debug|Any CPU
		{BD509933-A784-4AE6-87CF-75A79C40E014}.Debug|Any CPU.Build.0 = Debug|Any CPU
		{BD509933-A784-4AE6-87CF-75A79C40E014}.Release|Any CPU.ActiveCfg = Release|Any CPU
		{BD509933-A784-4AE6-87CF-75A79C40E014}.Release|Any CPU.Build.0 = Release|Any CPU
	EndGlobalSection
	GlobalSection(SolutionProperties) = preSolution
		HideSolutionNode = FALSE
	EndGlobalSection
	GlobalSection(ExtensibilityGlobals) = postSolution
		SolutionGuid = {A8229C5F-8A6D-4116-A64E-397E22CB7863}
	EndGlobalSection
EndGlobal
